{
  "name": "wcm-prototype",
  "version": "1.0.0",
  "lockfileVersion": 3,
  "requires": true,
  "packages": {
    "": {
      "name": "wcm-prototype",
      "version": "1.0.0",
      "dependencies": {
        "@ideagen-ax/praxis": "0.1.2"
      }
    },
    "node_modules/@ideagen-ax/praxis": {
      "version": "0.1.2",
      "resolved": "https://registry.npmjs.org/@ideagen-ax/praxis/-/praxis-0.1.2.tgz",
      "integrity": "sha512-2TNXUykd11AYkum6tfvRI47jhDOA3n6hr+fBHJ5yQ68lxlGF4XMjKFCoECjyc8bMKV/F/COJZqrhTH9FNJzQWw==",
      "license": "MIT",
      "engines": {
        "node": ">=18"
      }
    }
  }
}
